// !$*UTF8*$!
{
	archiveVersion = 1;
	classes = {
	};
	objectVersion = 50;
	objects = {

/* Begin PBXBuildFile section */
		69C1EAEC2FA36D98829AB889 /* Pods_iWeather.framework in Frameworks */ = {isa = PBXBuildFile; fileRef = 2EC69174F4AB2AD30641AA46 /* Pods_iWeather.framework */; };
		EB572EB7225C199E00D22C4D /* CurrentWeatherData.swift in Sources */ = {isa = PBXBuildFile; fileRef = EB572EB6225C199E00D22C4D /* CurrentWeatherData.swift */; };
		EB611857225CA74600E50A92 /* LocationServices.swift in Sources */ = {isa = PBXBuildFile; fileRef = EB611856225CA74600E50A92 /* LocationServices.swift */; };
		EB611859225DE8F800E50A92 /* ForecastData.swift in Sources */ = {isa = PBXBuildFile; fileRef = EB611858225DE8F800E50A92 /* ForecastData.swift */; };
		EB61185B225E7DE500E50A92 /* RequiredData.swift in Sources */ = {isa = PBXBuildFile; fileRef = EB61185A225E7DE400E50A92 /* RequiredData.swift */; };
		EB6405F0225A1E5C00B7FB71 /* AppDelegate.swift in Sources */ = {isa = PBXBuildFile; fileRef = EB6405EF225A1E5C00B7FB71 /* AppDelegate.swift */; };
		EB6405F2225A1E5C00B7FB71 /* ViewController.swift in Sources */ = {isa = PBXBuildFile; fileRef = EB6405F1225A1E5C00B7FB71 /* ViewController.swift */; };
		EB6405F5225A1E5C00B7FB71 /* Main.storyboard in Resources */ = {isa = PBXBuildFile; fileRef = EB6405F3225A1E5C00B7FB71 /* Main.storyboard */; };
		EB6405F8225A1E5C00B7FB71 /* iWeather.xcdatamodeld in Sources */ = {isa = PBXBuildFile; fileRef = EB6405F6225A1E5C00B7FB71 /* iWeather.xcdatamodeld */; };
		EB6405FA225A1E5D00B7FB71 /* Assets.xcassets in Resources */ = {isa = PBXBuildFile; fileRef = EB6405F9225A1E5D00B7FB71 /* Assets.xcassets */; };
		EB6405FD225A1E5D00B7FB71 /* LaunchScreen.storyboard in Resources */ = {isa = PBXBuildFile; fileRef = EB6405FB225A1E5D00B7FB71 /* LaunchScreen.storyboard */; };
		EB640607225C05C600B7FB71 /* DarkSkyService.swift in Sources */ = {isa = PBXBuildFile; fileRef = EB640606225C05C600B7FB71 /* DarkSkyService.swift */; };
/* End PBXBuildFile section */

/* Begin PBXFileReference section */
		2EC69174F4AB2AD30641AA46 /* Pods_iWeather.framework */ = {isa = PBXFileReference; explicitFileType = wrapper.framework; includeInIndex = 0; path = Pods_iWeather.framework; sourceTree = BUILT_PRODUCTS_DIR; };
		537E8EAB4CDFDED786026B23 /* Pods-iWeather.debug.xcconfig */ = {isa = PBXFileReference; includeInIndex = 1; lastKnownFileType = text.xcconfig; name = "Pods-iWeather.debug.xcconfig"; path = "Target Support Files/Pods-iWeather/Pods-iWeather.debug.xcconfig"; sourceTree = "<group>"; };
		6734EFA4C3475E88657C7FA2 /* Pods-iWeather.release.xcconfig */ = {isa = PBXFileReference; includeInIndex = 1; lastKnownFileType = text.xcconfig; name = "Pods-iWeather.release.xcconfig"; path = "Target Support Files/Pods-iWeather/Pods-iWeather.release.xcconfig"; sourceTree = "<group>"; };
		EB572EB6225C199E00D22C4D /* CurrentWeatherData.swift */ = {isa = PBXFileReference; lastKnownFileType = sourcecode.swift; path = CurrentWeatherData.swift; sourceTree = "<group>"; };
		EB611856225CA74600E50A92 /* LocationServices.swift */ = {isa = PBXFileReference; lastKnownFileType = sourcecode.swift; path = LocationServices.swift; sourceTree = "<group>"; };
		EB611858225DE8F800E50A92 /* ForecastData.swift */ = {isa = PBXFileReference; lastKnownFileType = sourcecode.swift; path = ForecastData.swift; sourceTree = "<group>"; };
		EB61185A225E7DE400E50A92 /* RequiredData.swift */ = {isa = PBXFileReference; lastKnownFileType = sourcecode.swift; path = RequiredData.swift; sourceTree = "<group>"; };
		EB6405EC225A1E5C00B7FB71 /* iWeather.app */ = {isa = PBXFileReference; explicitFileType = wrapper.application; includeInIndex = 0; path = iWeather.app; sourceTree = BUILT_PRODUCTS_DIR; };
		EB6405EF225A1E5C00B7FB71 /* AppDelegate.swift */ = {isa = PBXFileReference; lastKnownFileType = sourcecode.swift; path = AppDelegate.swift; sourceTree = "<group>"; };
		EB6405F1225A1E5C00B7FB71 /* ViewController.swift */ = {isa = PBXFileReference; lastKnownFileType = sourcecode.swift; path = ViewController.swift; sourceTree = "<group>"; };
		EB6405F4225A1E5C00B7FB71 /* Base */ = {isa = PBXFileReference; lastKnownFileType = file.storyboard; name = Base; path = Base.lproj/Main.storyboard; sourceTree = "<group>"; };
		EB6405F7225A1E5C00B7FB71 /* iWeather.xcdatamodel */ = {isa = PBXFileReference; lastKnownFileType = wrapper.xcdatamodel; path = iWeather.xcdatamodel; sourceTree = "<group>"; };
		EB6405F9225A1E5D00B7FB71 /* Assets.xcassets */ = {isa = PBXFileReference; lastKnownFileType = folder.assetcatalog; path = Assets.xcassets; sourceTree = "<group>"; };
		EB6405FC225A1E5D00B7FB71 /* Base */ = {isa = PBXFileReference; lastKnownFileType = file.storyboard; name = Base; path = Base.lproj/LaunchScreen.storyboard; sourceTree = "<group>"; };
		EB6405FE225A1E5D00B7FB71 /* Info.plist */ = {isa = PBXFileReference; lastKnownFileType = text.plist.xml; path = Info.plist; sourceTree = "<group>"; };
		EB640606225C05C600B7FB71 /* DarkSkyService.swift */ = {isa = PBXFileReference; lastKnownFileType = sourcecode.swift; path = DarkSkyService.swift; sourceTree = "<group>"; };
/* End PBXFileReference section */

/* Begin PBXFrameworksBuildPhase section */
		EB6405E9225A1E5C00B7FB71 /* Frameworks */ = {
			isa = PBXFrameworksBuildPhase;
			buildActionMask = 2147483647;
			files = (
				69C1EAEC2FA36D98829AB889 /* Pods_iWeather.framework in Frameworks */,
			);
			runOnlyForDeploymentPostprocessing = 0;
		};
/* End PBXFrameworksBuildPhase section */

/* Begin PBXGroup section */
		54B170820665836713DA6A8C /* Pods */ = {
			isa = PBXGroup;
			children = (
				537E8EAB4CDFDED786026B23 /* Pods-iWeather.debug.xcconfig */,
				6734EFA4C3475E88657C7FA2 /* Pods-iWeather.release.xcconfig */,
			);
			path = Pods;
			sourceTree = "<group>";
		};
		D39449064037429F2565D279 /* Frameworks */ = {
			isa = PBXGroup;
			children = (
				2EC69174F4AB2AD30641AA46 /* Pods_iWeather.framework */,
			);
			name = Frameworks;
			sourceTree = "<group>";
		};
		EB6405E3225A1E5C00B7FB71 = {
			isa = PBXGroup;
			children = (
				EB6405EE225A1E5C00B7FB71 /* iWeather */,
				EB6405ED225A1E5C00B7FB71 /* Products */,
				54B170820665836713DA6A8C /* Pods */,
				D39449064037429F2565D279 /* Frameworks */,
			);
			sourceTree = "<group>";
		};
		EB6405ED225A1E5C00B7FB71 /* Products */ = {
			isa = PBXGroup;
			children = (
				EB6405EC225A1E5C00B7FB71 /* iWeather.app */,
			);
			name = Products;
			sourceTree = "<group>";
		};
		EB6405EE225A1E5C00B7FB71 /* iWeather */ = {
			isa = PBXGroup;
			children = (
				EB6405EF225A1E5C00B7FB71 /* AppDelegate.swift */,
				EB6405F1225A1E5C00B7FB71 /* ViewController.swift */,
				EB611856225CA74600E50A92 /* LocationServices.swift */,
				EB640606225C05C600B7FB71 /* DarkSkyService.swift */,
				EB572EB6225C199E00D22C4D /* CurrentWeatherData.swift */,
				EB61185A225E7DE400E50A92 /* RequiredData.swift */,
				EB611858225DE8F800E50A92 /* ForecastData.swift */,
				EB6405F3225A1E5C00B7FB71 /* Main.storyboard */,
				EB6405F9225A1E5D00B7FB71 /* Assets.xcassets */,
				EB6405FB225A1E5D00B7FB71 /* LaunchScreen.storyboard */,
				EB6405FE225A1E5D00B7FB71 /* Info.plist */,
				EB6405F6225A1E5C00B7FB71 /* iWeather.xcdatamodeld */,
			);
			path = iWeather;
			sourceTree = "<group>";
		};
/* End PBXGroup section */

/* Begin PBXNativeTarget section */
		EB6405EB225A1E5C00B7FB71 /* iWeather */ = {
			isa = PBXNativeTarget;
			buildConfigurationList = EB640601225A1E5D00B7FB71 /* Build configuration list for PBXNativeTarget "iWeather" */;
			buildPhases = (
				F5302B792193C22E17F7F51E /* [CP] Check Pods Manifest.lock */,
				EB6405E8225A1E5C00B7FB71 /* Sources */,
				EB6405E9225A1E5C00B7FB71 /* Frameworks */,
				EB6405EA225A1E5C00B7FB71 /* Resources */,
				505141AFA0112CFFF7030F0D /* [CP] Embed Pods Frameworks */,
			);
			buildRules = (
			);
			dependencies = (
			);
			name = iWeather;
			productName = iWeather;
			productReference = EB6405EC225A1E5C00B7FB71 /* iWeather.app */;
			productType = "com.apple.product-type.application";
		};
/* End PBXNativeTarget section */

/* Begin PBXProject section */
		EB6405E4225A1E5C00B7FB71 /* Project object */ = {
			isa = PBXProject;
			attributes = {
				LastSwiftUpdateCheck = 1000;
				LastUpgradeCheck = 1000;
				ORGANIZATIONNAME = owner;
				TargetAttributes = {
					EB6405EB225A1E5C00B7FB71 = {
						CreatedOnToolsVersion = 10.0;
					};
				};
			};
			buildConfigurationList = EB6405E7225A1E5C00B7FB71 /* Build configuration list for PBXProject "iWeather" */;
			compatibilityVersion = "Xcode 9.3";
			developmentRegion = en;
			hasScannedForEncodings = 0;
			knownRegions = (
				en,
				Base,
			);
			mainGroup = EB6405E3225A1E5C00B7FB71;
			productRefGroup = EB6405ED225A1E5C00B7FB71 /* Products */;
			projectDirPath = "";
			projectRoot = "";
			targets = (
				EB6405EB225A1E5C00B7FB71 /* iWeather */,
			);
		};
/* End PBXProject section */

/* Begin PBXResourcesBuildPhase section */
		EB6405EA225A1E5C00B7FB71 /* Resources */ = {
			isa = PBXResourcesBuildPhase;
			buildActionMask = 2147483647;
			files = (
				EB6405FD225A1E5D00B7FB71 /* LaunchScreen.storyboard in Resources */,
				EB6405FA225A1E5D00B7FB71 /* Assets.xcassets in Resources */,
				EB6405F5225A1E5C00B7FB71 /* Main.storyboard in Resources */,
			);
			runOnlyForDeploymentPostprocessing = 0;
		};
/* End PBXResourcesBuildPhase section */

/* Begin PBXShellScriptBuildPhase section */
		505141AFA0112CFFF7030F0D /* [CP] Embed Pods Frameworks */ = {
			isa = PBXShellScriptBuildPhase;
			buildActionMask = 2147483647;
			files = (
			);
			inputFileListPaths = (
			);
			inputPaths = (
				"${PODS_ROOT}/Target Support Files/Pods-iWeather/Pods-iWeather-frameworks.sh",
				"${BUILT_PRODUCTS_DIR}/Alamofire/Alamofire.framework",
				"${BUILT_PRODUCTS_DIR}/SwiftyJSON/SwiftyJSON.framework",
			);
			name = "[CP] Embed Pods Frameworks";
			outputFileListPaths = (
			);
			outputPaths = (
				"${TARGET_BUILD_DIR}/${FRAMEWORKS_FOLDER_PATH}/Alamofire.framework",
				"${TARGET_BUILD_DIR}/${FRAMEWORKS_FOLDER_PATH}/SwiftyJSON.framework",
			);
			runOnlyForDeploymentPostprocessing = 0;
			shellPath = /bin/sh;
			shellScript = "\"${PODS_ROOT}/Target Support Files/Pods-iWeather/Pods-iWeather-frameworks.sh\"\n";
			showEnvVarsInLog = 0;
		};
		F5302B792193C22E17F7F51E /* [CP] Check Pods Manifest.lock */ = {
			isa = PBXShellScriptBuildPhase;
			buildActionMask = 2147483647;
			files = (
			);
			inputFileListPaths = (
			);
			inputPaths = (
				"${PODS_PODFILE_DIR_PATH}/Podfile.lock",
				"${PODS_ROOT}/Manifest.lock",
			);
			name = "[CP] Check Pods Manifest.lock";
			outputFileListPaths = (
			);
			outputPaths = (
				"$(DERIVED_FILE_DIR)/Pods-iWeather-checkManifestLockResult.txt",
			);
			runOnlyForDeploymentPostprocessing = 0;
			shellPath = /bin/sh;
			shellScript = "diff \"${PODS_PODFILE_DIR_PATH}/Podfile.lock\" \"${PODS_ROOT}/Manifest.lock\" > /dev/null\nif [ $? != 0 ] ; then\n    # print error to STDERR\n    echo \"error: The sandbox is not in sync with the Podfile.lock. Run 'pod install' or update your CocoaPods installation.\" >&2\n    exit 1\nfi\n# This output is used by Xcode 'outputs' to avoid re-running this script phase.\necho \"SUCCESS\" > \"${SCRIPT_OUTPUT_FILE_0}\"\n";
			showEnvVarsInLog = 0;
		};
/* End PBXShellScriptBuildPhase section */

/* Begin PBXSourcesBuildPhase section */
		EB6405E8225A1E5C00B7FB71 /* Sources */ = {
			isa = PBXSourcesBuildPhase;
			buildActionMask = 2147483647;
			files = (
				EB61185B225E7DE500E50A92 /* RequiredData.swift in Sources */,
				EB6405F8225A1E5C00B7FB71 /* iWeather.xcdatamodeld in Sources */,
				EB6405F2225A1E5C00B7FB71 /* ViewController.swift in Sources */,
				EB640607225C05C600B7FB71 /* DarkSkyService.swift in Sources */,
				EB572EB7225C199E00D22C4D /* CurrentWeatherData.swift in Sources */,
				EB611859225DE8F800E50A92 /* ForecastData.swift in Sources */,
				EB611857225CA74600E50A92 /* LocationServices.swift in Sources */,
				EB6405F0225A1E5C00B7FB71 /* AppDelegate.swift in Sources */,
			);
			runOnlyForDeploymentPostprocessing = 0;
		};
/* End PBXSourcesBuildPhase section */

/* Begin PBXVariantGroup section */
		EB6405F3225A1E5C00B7FB71 /* Main.storyboard */ = {
			isa = PBXVariantGroup;
			children = (
				EB6405F4225A1E5C00B7FB71 /* Base */,
			);
			name = Main.storyboard;
			sourceTree = "<group>";
		};
		EB6405FB225A1E5D00B7FB71 /* LaunchScreen.storyboard */ = {
			isa = PBXVariantGroup;
			children = (
				EB6405FC225A1E5D00B7FB71 /* Base */,
			);
			name = LaunchScreen.storyboard;
			sourceTree = "<group>";
		};
/* End PBXVariantGroup section */

/* Begin XCBuildConfiguration section */
		EB6405FF225A1E5D00B7FB71 /* Debug */ = {
			isa = XCBuildConfiguration;
			buildSettings = {
				ALWAYS_SEARCH_USER_PATHS = NO;
				CLANG_ANALYZER_NONNULL = YES;
				CLANG_ANALYZER_NUMBER_OBJECT_CONVERSION = YES_AGGRESSIVE;
				CLANG_CXX_LANGUAGE_STANDARD = "gnu++14";
				CLANG_CXX_LIBRARY = "libc++";
				CLANG_ENABLE_MODULES = YES;
				CLANG_ENABLE_OBJC_ARC = YES;
				CLANG_ENABLE_OBJC_WEAK = YES;
				CLANG_WARN_BLOCK_CAPTURE_AUTORELEASING = YES;
				CLANG_WARN_BOOL_CONVERSION = YES;
				CLANG_WARN_COMMA = YES;
				CLANG_WARN_CONSTANT_CONVERSION = YES;
				CLANG_WARN_DEPRECATED_OBJC_IMPLEMENTATIONS = YES;
				CLANG_WARN_DIRECT_OBJC_ISA_USAGE = YES_ERROR;
				CLANG_WARN_DOCUMENTATION_COMMENTS = YES;
				CLANG_WARN_EMPTY_BODY = YES;
				CLANG_WARN_ENUM_CONVERSION = YES;
				CLANG_WARN_INFINITE_RECURSION = YES;
				CLANG_WARN_INT_CONVERSION = YES;
				CLANG_WARN_NON_LITERAL_NULL_CONVERSION = YES;
				CLANG_WARN_OBJC_IMPLICIT_RETAIN_SELF = YES;
				CLANG_WARN_OBJC_LITERAL_CONVERSION = YES;
				CLANG_WARN_OBJC_ROOT_CLASS = YES_ERROR;
				CLANG_WARN_RANGE_LOOP_ANALYSIS = YES;
				CLANG_WARN_STRICT_PROTOTYPES = YES;
				CLANG_WARN_SUSPICIOUS_MOVE = YES;
				CLANG_WARN_UNGUARDED_AVAILABILITY = YES_AGGRESSIVE;
				CLANG_WARN_UNREACHABLE_CODE = YES;
				CLANG_WARN__DUPLICATE_METHOD_MATCH = YES;
				CODE_SIGN_IDENTITY = "iPhone Developer";
				COPY_PHASE_STRIP = NO;
				DEBUG_INFORMATION_FORMAT = dwarf;
				ENABLE_STRICT_OBJC_MSGSEND = YES;
				ENABLE_TESTABILITY = YES;
				GCC_C_LANGUAGE_STANDARD = gnu11;
				GCC_DYNAMIC_NO_PIC = NO;
				GCC_NO_COMMON_BLOCKS = YES;
				GCC_OPTIMIZATION_LEVEL = 0;
				GCC_PREPROCESSOR_DEFINITIONS = (
					"DEBUG=1",
					"$(inherited)",
				);
				GCC_WARN_64_TO_32_BIT_CONVERSION = YES;
				GCC_WARN_ABOUT_RETURN_TYPE = YES_ERROR;
				GCC_WARN_UNDECLARED_SELECTOR = YES;
				GCC_WARN_UNINITIALIZED_AUTOS = YES_AGGRESSIVE;
				GCC_WARN_UNUSED_FUNCTION = YES;
				GCC_WARN_UNUSED_VARIABLE = YES;
				IPHONEOS_DEPLOYMENT_TARGET = 12.0;
				MTL_ENABLE_DEBUG_INFO = INCLUDE_SOURCE;
				MTL_FAST_MATH = YES;
				ONLY_ACTIVE_ARCH = YES;
				SDKROOT = iphoneos;
				SWIFT_ACTIVE_COMPILATION_CONDITIONS = DEBUG;
				SWIFT_OPTIMIZATION_LEVEL = "-Onone";
			};
			name = Debug;
		};
		EB640600225A1E5D00B7FB71 /* Release */ = {
			isa = XCBuildConfiguration;
			buildSettings = {
				ALWAYS_SEARCH_USER_PATHS = NO;
				CLANG_ANALYZER_NONNULL = YES;
				CLANG_ANALYZER_NUMBER_OBJECT_CONVERSION = YES_AGGRESSIVE;
				CLANG_CXX_LANGUAGE_STANDARD = "gnu++14";
				CLANG_CXX_LIBRARY = "libc++";
				CLANG_ENABLE_MODULES = YES;
				CLANG_ENABLE_OBJC_ARC = YES;
				CLANG_ENABLE_OBJC_WEAK = YES;
				CLANG_WARN_BLOCK_CAPTURE_AUTORELEASING = YES;
				CLANG_WARN_BOOL_CONVERSION = YES;
				CLANG_WARN_COMMA = YES;
				CLANG_WARN_CONSTANT_CONVERSION = YES;
				CLANG_WARN_DEPRECATED_OBJC_IMPLEMENTATIONS = YES;
				CLANG_WARN_DIRECT_OBJC_ISA_USAGE = YES_ERROR;
				CLANG_WARN_DOCUMENTATION_COMMENTS = YES;
				CLANG_WARN_EMPTY_BODY = YES;
				CLANG_WARN_ENUM_CONVERSION = YES;
				CLANG_WARN_INFINITE_RECURSION = YES;
				CLANG_WARN_INT_CONVERSION = YES;
				CLANG_WARN_NON_LITERAL_NULL_CONVERSION = YES;
				CLANG_WARN_OBJC_IMPLICIT_RETAIN_SELF = YES;
				CLANG_WARN_OBJC_LITERAL_CONVERSION = YES;
				CLANG_WARN_OBJC_ROOT_CLASS = YES_ERROR;
				CLANG_WARN_RANGE_LOOP_ANALYSIS = YES;
				CLANG_WARN_STRICT_PROTOTYPES = YES;
				CLANG_WARN_SUSPICIOUS_MOVE = YES;
				CLANG_WARN_UNGUARDED_AVAILABILITY = YES_AGGRESSIVE;
				CLANG_WARN_UNREACHABLE_CODE = YES;
				CLANG_WARN__DUPLICATE_METHOD_MATCH = YES;
				CODE_SIGN_IDENTITY = "iPhone Developer";
				COPY_PHASE_STRIP = NO;
				DEBUG_INFORMATION_FORMAT = "dwarf-with-dsym";
				ENABLE_NS_ASSERTIONS = NO;
				ENABLE_STRICT_OBJC_MSGSEND = YES;
				GCC_C_LANGUAGE_STANDARD = gnu11;
				GCC_NO_COMMON_BLOCKS = YES;
				GCC_WARN_64_TO_32_BIT_CONVERSION = YES;
				GCC_WARN_ABOUT_RETURN_TYPE = YES_ERROR;
				GCC_WARN_UNDECLARED_SELECTOR = YES;
				GCC_WARN_UNINITIALIZED_AUTOS = YES_AGGRESSIVE;
				GCC_WARN_UNUSED_FUNCTION = YES;
				GCC_WARN_UNUSED_VARIABLE = YES;
				IPHONEOS_DEPLOYMENT_TARGET = 12.0;
				MTL_ENABLE_DEBUG_INFO = NO;
				MTL_FAST_MATH = YES;
				SDKROOT = iphoneos;
				SWIFT_COMPILATION_MODE = wholemodule;
				SWIFT_OPTIMIZATION_LEVEL = "-O";
				VALIDATE_PRODUCT = YES;
			};
			name = Release;
		};
		EB640602225A1E5D00B7FB71 /* Debug */ = {
			isa = XCBuildConfiguration;
			baseConfigurationReference = 537E8EAB4CDFDED786026B23 /* Pods-iWeather.debug.xcconfig */;
			buildSettings = {
				ASSETCATALOG_COMPILER_APPICON_NAME = AppIcon;
				CODE_SIGN_STYLE = Automatic;
				INFOPLIST_FILE = iWeather/Info.plist;
				IPHONEOS_DEPLOYMENT_TARGET = 11.4;
				LD_RUNPATH_SEARCH_PATHS = (
					"$(inherited)",
					"@executable_path/Frameworks",
				);
				PRODUCT_BUNDLE_IDENTIFIER = vb.iWeather;
				PRODUCT_NAME = "$(TARGET_NAME)";
				SWIFT_VERSION = 4.0;
				TARGETED_DEVICE_FAMILY = "1,2";
			};
			name = Debug;
		};
		EB640603225A1E5D00B7FB71 /* Release */ = {
			isa = XCBuildConfiguration;
			baseConfigurationReference = 6734EFA4C3475E88657C7FA2 /* Pods-iWeather.release.xcconfig */;
			buildSettings = {
				ASSETCATALOG_COMPILER_APPICON_NAME = AppIcon;
				CODE_SIGN_STYLE = Automatic;
				INFOPLIST_FILE = iWeather/Info.plist;
				IPHONEOS_DEPLOYMENT_TARGET = 11.4;
				LD_RUNPATH_SEARCH_PATHS = (
					"$(inherited)",
					"@executable_path/Frameworks",
				);
				PRODUCT_BUNDLE_IDENTIFIER = vb.iWeather;
				PRODUCT_NAME = "$(TARGET_NAME)";
				SWIFT_VERSION = 4.0;
				TARGETED_DEVICE_FAMILY = "1,2";
			};
			name = Release;
		};
/* End XCBuildConfiguration section */

/* Begin XCConfigurationList section */
		EB6405E7225A1E5C00B7FB71 /* Build configuration list for PBXProject "iWeather" */ = {
			isa = XCConfigurationList;
			buildConfigurations = (
				EB6405FF225A1E5D00B7FB71 /* Debug */,
				EB640600225A1E5D00B7FB71 /* Release */,
			);
			defaultConfigurationIsVisible = 0;
			defaultConfigurationName = Release;
		};
		EB640601225A1E5D00B7FB71 /* Build configuration list for PBXNativeTarget "iWeather" */ = {
			isa = XCConfigurationList;
			buildConfigurations = (
				EB640602225A1E5D00B7FB71 /* Debug */,
				EB640603225A1E5D00B7FB71 /* Release */,
			);
			defaultConfigurationIsVisible = 0;
			defaultConfigurationName = Release;
		};
/* End XCConfigurationList section */

/* Begin XCVersionGroup section */
		EB6405F6225A1E5C00B7FB71 /* iWeather.xcdatamodeld */ = {
			isa = XCVersionGroup;
			children = (
				EB6405F7225A1E5C00B7FB71 /* iWeather.xcdatamodel */,
			);
			currentVersion = EB6405F7225A1E5C00B7FB71 /* iWeather.xcdatamodel */;
			path = iWeather.xcdatamodeld;
			sourceTree = "<group>";
			versionGroupType = wrapper.xcdatamodel;
		};
/* End XCVersionGroup section */
	};
	rootObject = EB6405E4225A1E5C00B7FB71 /* Project object */;
}
